
Microsoft Visual Studio Solution File, Format Version 12.00
# Visual Studio 15
VisualStudioVersion = 15.0.27428.2037
MinimumVisualStudioVersion = 10.0.40219.1
Project("{FAE04EC0-301F-11D3-BF4B-00C04F79EFBC}") = "TargetFinder", "TargetFinder\TargetFinder.csproj", "{DBE8DAE1-C699-4B8F-BF5E-22478F1497BC}"
EndProject
Global
	GlobalSection(SolutionConfigurationPlatforms) = preSolution
		Debug|Any CPU = Debug|Any CPU
		Release|Any CPU = Release|Any CPU
	EndGlobalSection
	GlobalSection(ProjectConfigurationPlatforms) = postSolution
		{DBE8DAE1-C699-4B8F-BF5E-22478F1497BC}.Debug|Any CPU.ActiveCfg = Debug|Any CPU
		{DBE8DAE1-C699-4B8F-BF5E-22478F1497BC}.Debug|Any CPU.Build.0 = Debug|Any CPU
		{DBE8DAE1-C699-4B8F-BF5E-22478F1497BC}.Release|Any CPU.ActiveCfg = Release|Any CPU
		{DBE8DAE1-C699-4B8F-BF5E-22478F1497BC}.Release|Any CPU.Build.0 = Release|Any CPU
	EndGlobalSection
	GlobalSection(SolutionProperties) = preSolution
		HideSolutionNode = FALSE
	EndGlobalSection
	GlobalSection(ExtensibilityGlobals) = postSolution
		SolutionGuid = {1D318B79-7BF9-488F-AE4D-608EFA13D448}
	EndGlobalSection
EndGlobal
